
Microsoft Visual Studio Solution File, Format Version 12.00
# Visual Studio Version 17
VisualStudioVersion = 17.8.34525.116
MinimumVisualStudioVersion = 10.0.40219.1
Project("{FAE04EC0-301F-11D3-BF4B-00C04F79EFBC}") = "PasswordManager", "PasswordManager\PasswordManager.csproj", "{CF21B46A-558E-446C-862B-9623DAE654DB}"
EndProject
Project("{FAE04EC0-301F-11D3-BF4B-00C04F79EFBC}") = "PasswordMangerTest", "PasswordManagerTest\PasswordMangerTest.csproj", "{51D778E3-5F7B-4D67-BEC6-75E2BC368EF3}"
EndProject
Project("{FAE04EC0-301F-11D3-BF4B-00C04F79EFBC}") = "WebServer", "WebServer\WebServer.csproj", "{1AD64D1D-7F59-4137-BD69-77149121CA02}"
EndProject
Global
	GlobalSection(SolutionConfigurationPlatforms) = preSolution
		Debug|Any CPU = Debug|Any CPU
		Release|Any CPU = Release|Any CPU
	EndGlobalSection
	GlobalSection(ProjectConfigurationPlatforms) = postSolution
		{CF21B46A-558E-446C-862B-9623DAE654DB}.Debug|Any CPU.ActiveCfg = Debug|Any CPU
		{CF21B46A-558E-446C-862B-9623DAE654DB}.Debug|Any CPU.Build.0 = Debug|Any CPU
		{CF21B46A-558E-446C-862B-9623DAE654DB}.Release|Any CPU.ActiveCfg = Release|Any CPU
		{CF21B46A-558E-446C-862B-9623DAE654DB}.Release|Any CPU.Build.0 = Release|Any CPU
		{51D778E3-5F7B-4D67-BEC6-75E2BC368EF3}.Debug|Any CPU.ActiveCfg = Debug|Any CPU
		{51D778E3-5F7B-4D67-BEC6-75E2BC368EF3}.Debug|Any CPU.Build.0 = Debug|Any CPU
		{51D778E3-5F7B-4D67-BEC6-75E2BC368EF3}.Release|Any CPU.ActiveCfg = Release|Any CPU
		{51D778E3-5F7B-4D67-BEC6-75E2BC368EF3}.Release|Any CPU.Build.0 = Release|Any CPU
		{1AD64D1D-7F59-4137-BD69-77149121CA02}.Debug|Any CPU.ActiveCfg = Debug|Any CPU
		{1AD64D1D-7F59-4137-BD69-77149121CA02}.Debug|Any CPU.Build.0 = Debug|Any CPU
		{1AD64D1D-7F59-4137-BD69-77149121CA02}.Release|Any CPU.ActiveCfg = Release|Any CPU
		{1AD64D1D-7F59-4137-BD69-77149121CA02}.Release|Any CPU.Build.0 = Release|Any CPU
	EndGlobalSection
	GlobalSection(SolutionProperties) = preSolution
		HideSolutionNode = FALSE
	EndGlobalSection
	GlobalSection(ExtensibilityGlobals) = postSolution
		SolutionGuid = {0DF3D5AC-0A37-4C09-923C-BF6A7E438D4D}
	EndGlobalSection
EndGlobal
